
Microsoft Visual Studio Solution File, Format Version 12.00
# Visual Studio Version 17
VisualStudioVersion = 17.3.32901.215
MinimumVisualStudioVersion = 10.0.40219.1
Project("{FAE04EC0-301F-11D3-BF4B-00C04F79EFBC}") = "for ornek 6 - 815", "for ornek 6 - 815\for ornek 6 - 815.csproj", "{9F77BCD8-860E-4CE8-99A6-ED25A6778C38}"
EndProject
Global
	GlobalSection(SolutionConfigurationPlatforms) = preSolution
		Debug|Any CPU = Debug|Any CPU
		Release|Any CPU = Release|Any CPU
	EndGlobalSection
	GlobalSection(ProjectConfigurationPlatforms) = postSolution
		{9F77BCD8-860E-4CE8-99A6-ED25A6778C38}.Debug|Any CPU.ActiveCfg = Debug|Any CPU
		{9F77BCD8-860E-4CE8-99A6-ED25A6778C38}.Debug|Any CPU.Build.0 = Debug|Any CPU
		{9F77BCD8-860E-4CE8-99A6-ED25A6778C38}.Release|Any CPU.ActiveCfg = Release|Any CPU
		{9F77BCD8-860E-4CE8-99A6-ED25A6778C38}.Release|Any CPU.Build.0 = Release|Any CPU
	EndGlobalSection
	GlobalSection(SolutionProperties) = preSolution
		HideSolutionNode = FALSE
	EndGlobalSection
	GlobalSection(ExtensibilityGlobals) = postSolution
		SolutionGuid = {F8804D4F-CCFF-4101-BC72-F98E0299D026}
	EndGlobalSection
EndGlobal
